# THIS IS AN AUTOGENERATED FILE. DO NOT EDIT THIS FILE DIRECTLY.
# yarn lockfile v1


"@types/jquery@^3.5.25":
  version "3.5.25"
  resolved "https://registry.yarnpkg.com/@types/jquery/-/jquery-3.5.25.tgz#c817c71d414855f7d71f46da39f43e6b9579b0b9"
  integrity sha512-gykx2c+OZf5nx2tv/5fDQqmvGgTiXshELy5jf9IgXPtVfSBl57IUYByN4osbwMXwJijWGOEYQABzGaFZE79A0Q==
  dependencies:
    "@types/sizzle" "*"

"@types/sizzle@*":
  version "2.3.5"
  resolved "https://registry.yarnpkg.com/@types/sizzle/-/sizzle-2.3.5.tgz#d93dd29cdcd5801d90be968073b09a6b370780e4"
  integrity sha512-tAe4Q+OLFOA/AMD+0lq8ovp8t3ysxAOeaScnfNdZpUxaGl51ZMDEITxkvFl1STudQ58mz6gzVGl9VhMKhwRnZQ==
